
Microsoft Visual Studio Solution File, Format Version 12.00
# Visual Studio 15
VisualStudioVersion = 15.0.27428.2027
MinimumVisualStudioVersion = 10.0.40219.1
Project("{2150E333-8FDC-42A3-9474-1A3956D46DE8}") = "Samples", "Samples", "{566F0945-8773-40F8-BC22-22C675C552EF}"
EndProject
Project("{FAE04EC0-301F-11D3-BF4B-00C04F79EFBC}") = "BusNamesMod", "Samples\BusNamesMod\BusNamesMod.csproj", "{6EA2F9D0-F6DD-41A2-8B02-40313A41A233}"
EndProject
Project("{9A19103F-16F7-4668-BE54-9A1E7A4F7556}") = "ModLoader.Core", "ModLoader.Core\ModLoader.Core.csproj", "{55747AC7-64CE-4275-89E6-CC970AD3CB28}"
EndProject
Project("{FAE04EC0-301F-11D3-BF4B-00C04F79EFBC}") = "ModLoader", "ModLoader\ModLoader.csproj", "{3FE03903-4B6B-4CEF-839C-D5ADFE716D5B}"
EndProject
Project("{FAE04EC0-301F-11D3-BF4B-00C04F79EFBC}") = "ModLoader.Launcher", "ModLoader.Launcher\ModLoader.Launcher.csproj", "{CBB2DE03-DF00-4A73-ABC3-C5372E97A481}"
EndProject
Project("{FAE04EC0-301F-11D3-BF4B-00C04F79EFBC}") = "Aceo.Sdk", "Aceo.Sdk\Aceo.Sdk.csproj", "{EB711F49-620F-4147-BA88-AE82375E97A2}"
EndProject
Global
	GlobalSection(SolutionConfigurationPlatforms) = preSolution
		Debug|Any CPU = Debug|Any CPU
		Release|Any CPU = Release|Any CPU
	EndGlobalSection
	GlobalSection(ProjectConfigurationPlatforms) = postSolution
		{6EA2F9D0-F6DD-41A2-8B02-40313A41A233}.Debug|Any CPU.ActiveCfg = Debug|Any CPU
		{6EA2F9D0-F6DD-41A2-8B02-40313A41A233}.Debug|Any CPU.Build.0 = Debug|Any CPU
		{6EA2F9D0-F6DD-41A2-8B02-40313A41A233}.Release|Any CPU.ActiveCfg = Release|Any CPU
		{6EA2F9D0-F6DD-41A2-8B02-40313A41A233}.Release|Any CPU.Build.0 = Release|Any CPU
		{55747AC7-64CE-4275-89E6-CC970AD3CB28}.Debug|Any CPU.ActiveCfg = Debug|Any CPU
		{55747AC7-64CE-4275-89E6-CC970AD3CB28}.Debug|Any CPU.Build.0 = Debug|Any CPU
		{55747AC7-64CE-4275-89E6-CC970AD3CB28}.Release|Any CPU.ActiveCfg = Release|Any CPU
		{55747AC7-64CE-4275-89E6-CC970AD3CB28}.Release|Any CPU.Build.0 = Release|Any CPU
		{3FE03903-4B6B-4CEF-839C-D5ADFE716D5B}.Debug|Any CPU.ActiveCfg = Debug|Any CPU
		{3FE03903-4B6B-4CEF-839C-D5ADFE716D5B}.Debug|Any CPU.Build.0 = Debug|Any CPU
		{3FE03903-4B6B-4CEF-839C-D5ADFE716D5B}.Release|Any CPU.ActiveCfg = Release|Any CPU
		{3FE03903-4B6B-4CEF-839C-D5ADFE716D5B}.Release|Any CPU.Build.0 = Release|Any CPU
		{CBB2DE03-DF00-4A73-ABC3-C5372E97A481}.Debug|Any CPU.ActiveCfg = Debug|Any CPU
		{CBB2DE03-DF00-4A73-ABC3-C5372E97A481}.Debug|Any CPU.Build.0 = Debug|Any CPU
		{CBB2DE03-DF00-4A73-ABC3-C5372E97A481}.Release|Any CPU.ActiveCfg = Release|Any CPU
		{CBB2DE03-DF00-4A73-ABC3-C5372E97A481}.Release|Any CPU.Build.0 = Release|Any CPU
		{EB711F49-620F-4147-BA88-AE82375E97A2}.Debug|Any CPU.ActiveCfg = Debug|Any CPU
		{EB711F49-620F-4147-BA88-AE82375E97A2}.Debug|Any CPU.Build.0 = Debug|Any CPU
		{EB711F49-620F-4147-BA88-AE82375E97A2}.Release|Any CPU.ActiveCfg = Release|Any CPU
		{EB711F49-620F-4147-BA88-AE82375E97A2}.Release|Any CPU.Build.0 = Release|Any CPU
	EndGlobalSection
	GlobalSection(SolutionProperties) = preSolution
		HideSolutionNode = FALSE
	EndGlobalSection
	GlobalSection(NestedProjects) = preSolution
		{6EA2F9D0-F6DD-41A2-8B02-40313A41A233} = {566F0945-8773-40F8-BC22-22C675C552EF}
	EndGlobalSection
	GlobalSection(ExtensibilityGlobals) = postSolution
		SolutionGuid = {732A37C5-8E35-46C3-A986-B508267BCD9C}
	EndGlobalSection
EndGlobal
